# This file is autogenerated, do not edit; changes may be undone by the next 'dep ensure'.


[[projects]]
  name = "github.com/sigma/deptest"
  packages = ["sub"]
  revision = "fc6bf516b0b6a3520427261eb726a3890df917c3"
  version = "v1.0.1"

[solve-meta]
  analyzer-name = "dep"
  analyzer-version = 1
  inputs-digest = "2b98c9f4fbcb297ab36979300a613531ad3fcd4c1966465c65ef3f2d68c8eac6"
  solver-name = "gps-cdcl"
  solver-version = 1
