# This file is autogenerated, do not edit; changes may be undone by the next 'dep ensure'.


[[projects]]
  name = "github.com/sigma/deptest"
  packages = ["sub"]
  revision = "37a494bbb8f34c3eb6d23bfc90a0baa677435244"
  version = "v1.0.2"

[solve-meta]
  analyzer-name = "dep"
  analyzer-version = 1
  inputs-digest = "a53c3365bd8e7ba0a1de64700bcf3c46b05f9f4d3e0f9310f7da8b525d6634f1"
  solver-name = "gps-cdcl"
  solver-version = 1
